{
  "schemaVersion": 1,
  "systemId": "product-owner",
  "files": [
    {
      "path": "claude project/Custom Instructions.md",
      "sha256": "a5b782219cdfb9b51ae5467277813c0f8df969f8159a8cc5183647b2d0ba13ce",
      "sha16": "a5b782219cdfb9b5",
      "bytes": 30153
    },
    {
      "path": "claude project/knowledge/Product Owner - System - Skill - v1.5.0.md",
      "sha256": "bcaff9ee5dd11a8cf1d8a3dfb779492ea6bcafd8c799d0f4c342921e2edcaded",
      "sha16": "bcaff9ee5dd11a8c",
      "bytes": 47747
    },
    {
      "path": "claude project/knowledge/Product Owner - Thinking - DEPTH Framework - v0.202.md",
      "sha256": "53a90623f7af5fdd8b7c5532db6cc60722fc3ebc9aee2dfca63beae54398564d",
      "sha16": "53a90623f7af5fdd",
      "bytes": 23470
    },
    {
      "path": "claude project/knowledge/Product Owner - Rules - Human Voice - EN - v0.210.md",
      "sha256": "f8980baed64ddb1c6cec1c9ed4c1c67f7bba28290ebb08ec5d9b42058dff704d",
      "sha16": "f8980baed64ddb1c",
      "bytes": 27660
    },
    {
      "path": "claude project/knowledge/Product Owner - System - Interactive Mode - v0.404.md",
      "sha256": "100160a28f3b6c288b97e2a4e314740e0eb3f87406eef4662050163c44c376bf",
      "sha16": "100160a28f3b6c28",
      "bytes": 27213
    },
    {
      "path": "claude project/knowledge/Product Owner - Templates - Task Mode - v0.303.md",
      "sha256": "40cccb81fca6155e515ab3dc92ebf715fb572f28977f78693740a44f263194fa",
      "sha16": "40cccb81fca6155e",
      "bytes": 9210
    },
    {
      "path": "claude project/knowledge/Product Owner - Templates - Bug Mode - v0.203.md",
      "sha256": "26f153475866468cee35e0f630157c4e11c6de71dfd882dc821241526237b0b0",
      "sha16": "26f153475866468c",
      "bytes": 10350
    },
    {
      "path": "claude project/knowledge/Product Owner - Templates - Doc Mode - v0.106.md",
      "sha256": "1a37521662e92f869ea826e6541bd68ed7cc9d540ecf0e689ab58ab7d9b96a99",
      "sha16": "1a37521662e92f86",
      "bytes": 34415
    },
    {
      "path": "claude project/knowledge/Product Owner - Templates - Story Mode - v0.200.md",
      "sha256": "c999c4f8556a6d038c36e9f479ee0126cb7c087045112f8acd3548284035a851",
      "sha16": "c999c4f8556a6d03",
      "bytes": 14336
    },
    {
      "path": "claude project/knowledge/Product Owner - Assets - Task Templates - v0.101.md",
      "sha256": "4f6dbe14cbf20dd34031e60590d20fde5beedb95c183a2079e43647b5ab8373b",
      "sha16": "4f6dbe14cbf20dd3",
      "bytes": 4505
    },
    {
      "path": "claude project/knowledge/Product Owner - Assets - Bug Report Template - v0.100.md",
      "sha256": "fc70714e1d48c81c2f24362c1f26570997b58747e54a990a76e16da3e65fbbfb",
      "sha16": "fc70714e1d48c81c",
      "bytes": 3375
    },
    {
      "path": "claude project/knowledge/Product Owner - Assets - Doc Templates - v0.107.md",
      "sha256": "4b112cdf4f4101f9d5e90633fe7d2d299f2fc6244ec5517c1c90d89003efd376",
      "sha16": "4b112cdf4f4101f9",
      "bytes": 35601
    },
    {
      "path": "claude project/knowledge/Product Owner - Assets - Story Templates - v0.200.md",
      "sha256": "25e68b785c60d24a732e8ce0240c125ae0d2596c46181e8eb1dec3c1f440b05e",
      "sha16": "25e68b785c60d24a",
      "bytes": 12866
    },
    {
      "path": "claude project/knowledge/Product Owner - Assets - Interactive Response Templates - v0.102.md",
      "sha256": "70018ea339d2977373db7a494a499df85ddf2bcd1667f1b4d239cfe192278fc1",
      "sha16": "70018ea339d29773",
      "bytes": 7534
    },
    {
      "path": "claude project/knowledge/Product Owner - Examples - Bug - Backend API - v0.100.md",
      "sha256": "b74e056e202c35d16151ac891a663c199260b2d1f0daa8854222b7d22ff94bf4",
      "sha16": "b74e056e202c35d1",
      "bytes": 3773
    },
    {
      "path": "claude project/knowledge/Product Owner - Examples - Bug - Frontend Visual - v0.100.md",
      "sha256": "c3fe8eee08785ee981206ef265e28d07d9fd4ba0da35c0f7a47b1a45da4a90bc",
      "sha16": "c3fe8eee08785ee9",
      "bytes": 4218
    },
    {
      "path": "claude project/knowledge/Product Owner - Examples - Bug - Mobile Crash - v0.100.md",
      "sha256": "b8653729cb076a43fb02dba59a0502847ced383a28aa6ddaacb930e5ba272fc7",
      "sha16": "b8653729cb076a43",
      "bytes": 4515
    },
    {
      "path": "claude project/knowledge/Product Owner - Examples - Bug - Quick Bug - v0.100.md",
      "sha256": "d233c8501969e29f5a95db4b8902b7f7d92f1c4dc5f4e12dd372cb4b58a6b262",
      "sha16": "d233c8501969e29f",
      "bytes": 3062
    },
    {
      "path": "claude project/knowledge/Product Owner - Examples - Doc - Behavior Reference - v0.100.md",
      "sha256": "0b29033d8e36c5e63b8efa8a9c6ad4560ce42da493d4ab1db9a095b7764673c0",
      "sha16": "0b29033d8e36c5e6",
      "bytes": 10371
    },
    {
      "path": "claude project/knowledge/Product Owner - Examples - Doc - Catalog - v0.100.md",
      "sha256": "b6bff2caa90417bd5b65711a934e2fdfa6d640d7d2902f70baaf990ed20d8f68",
      "sha16": "b6bff2caa90417bd",
      "bytes": 7967
    },
    {
      "path": "claude project/knowledge/Product Owner - Examples - Doc - Guide - v0.100.md",
      "sha256": "124408f96503cc7c0273a14be848cb9765b102e4c8d9cbaa8c897352e9bb0f2d",
      "sha16": "124408f96503cc7c",
      "bytes": 6001
    },
    {
      "path": "claude project/knowledge/Product Owner - Examples - Doc - Proposal - v0.100.md",
      "sha256": "8b1e347f7653725391223cec5235d3f220021c5e66489c9aa06e7c3ce4ed7eca",
      "sha16": "8b1e347f76537253",
      "bytes": 6568
    },
    {
      "path": "claude project/knowledge/Product Owner - Examples - Doc - Quick - v0.100.md",
      "sha256": "d589ec52579c56c93e2c42a7c4838e35e939b844121f0ac8717ade3c52e79950",
      "sha16": "d589ec52579c56c9",
      "bytes": 2051
    },
    {
      "path": "claude project/knowledge/Product Owner - Examples - Doc - README - v0.100.md",
      "sha256": "bdc2dfbbf674f45cfc8afd39bbabb5b9592ee7b2a44cb6b4526ff03b405e63d4",
      "sha16": "bdc2dfbbf674f45c",
      "bytes": 4640
    },
    {
      "path": "claude project/knowledge/Product Owner - Examples - Doc - How It Works - v0.100.md",
      "sha256": "8bd7b9a2bafd7bdf8c0dc1440506ba9fc03b81d68b5ae1350acac2bd1ee6605f",
      "sha16": "8bd7b9a2bafd7bdf",
      "bytes": 14501
    },
    {
      "path": "claude project/knowledge/Product Owner - Examples - Story - Complete Reference - v0.100.md",
      "sha256": "14232f59a31f4872e022236da42b89aebe9482f4280e0246b86ce17e94146b9d",
      "sha16": "14232f59a31f4872",
      "bytes": 9809
    },
    {
      "path": "claude project/knowledge/Product Owner - Examples - Story - Complex Tier - v0.200.md",
      "sha256": "31b8f3ccd0e8f4ce5e275ac193a1a8310d3a0e278e87fa98e12d289a9cd79462",
      "sha16": "31b8f3ccd0e8f4ce",
      "bytes": 7981
    },
    {
      "path": "claude project/knowledge/Product Owner - Examples - Story - Medium Tier - v0.200.md",
      "sha256": "f10ffa4760cfe5d8938507e5c3ed91f3447b53ec973a79de373fbeae3e111815",
      "sha16": "f10ffa4760cfe5d8",
      "bytes": 6209
    },
    {
      "path": "claude project/knowledge/Product Owner - Examples - Story - Simple Tier - v0.200.md",
      "sha256": "64f893782a61865f2292e9514011b15565171908fecaf0498faffe04557e95a1",
      "sha16": "64f893782a61865f",
      "bytes": 2739
    },
    {
      "path": "claude project/knowledge/Product Owner - Examples - Task - Quick Task - v0.100.md",
      "sha256": "00567c4774ac11f62bbb9c2057fd66b81595e6dded4a57c47bc8b6a6266f70a6",
      "sha16": "00567c4774ac11f6",
      "bytes": 1662
    },
    {
      "path": "claude project/knowledge/Product Owner - Examples - Task - Standard Feature - v0.100.md",
      "sha256": "8fb6f9bcd0eb22a85e4e679f7dadfca37d8a30791d83b5b51388599c4b2509b2",
      "sha16": "8fb6f9bcd0eb22a8",
      "bytes": 1830
    },
    {
      "path": "claude project/knowledge/Product Owner - Examples - Task - Subtask - v0.100.md",
      "sha256": "8cd777bbbdfe48d711a023b7d83f9281b152baab19b989e3cf40f62790e69a68",
      "sha16": "8cd777bbbdfe48d7",
      "bytes": 3743
    },
    {
      "path": "claude project/knowledge/Product Owner - Examples - Task - UI Refinement - v0.100.md",
      "sha256": "2788b702696c66f2472da1b4888b9f531ecb622c32080434498a83d7ad3a2737",
      "sha16": "2788b702696c66f2",
      "bytes": 3435
    }
  ],
  "regions": [
    {
      "target": "SYNC.md",
      "section": "INVENTORY",
      "sha256": "94bc8c309451ee5d2bbf567d1508d5b9b9527aa87c9eabd2729905af3f842481"
    },
    {
      "target": "claude project/README.md",
      "section": "CHECKSUMS",
      "sha256": "b4f72a466fcdf514d3ac137234dd4bac85fd4b3abc2a39e04a648549ef3e103a"
    },
    {
      "target": "claude project/README.md",
      "section": "SMOKE_VERSION_PINS",
      "sha256": "32f740a332e078e8a973f7d283e9f8e478139f08de63b71536eeba9d249dcfe5"
    }
  ],
  "deletable": [
    "claude project/knowledge/Product Owner - System - Skill - v1.5.0.md",
    "claude project/knowledge/Product Owner - Thinking - DEPTH Framework - v0.202.md",
    "claude project/knowledge/Product Owner - Rules - Human Voice - EN - v0.210.md",
    "claude project/knowledge/Product Owner - System - Interactive Mode - v0.404.md",
    "claude project/knowledge/Product Owner - Templates - Task Mode - v0.303.md",
    "claude project/knowledge/Product Owner - Templates - Bug Mode - v0.203.md",
    "claude project/knowledge/Product Owner - Templates - Doc Mode - v0.106.md",
    "claude project/knowledge/Product Owner - Templates - Story Mode - v0.200.md",
    "claude project/knowledge/Product Owner - Assets - Task Templates - v0.101.md",
    "claude project/knowledge/Product Owner - Assets - Bug Report Template - v0.100.md",
    "claude project/knowledge/Product Owner - Assets - Doc Templates - v0.107.md",
    "claude project/knowledge/Product Owner - Assets - Story Templates - v0.200.md",
    "claude project/knowledge/Product Owner - Assets - Interactive Response Templates - v0.102.md",
    "claude project/knowledge/Product Owner - Examples - Bug - Backend API - v0.100.md",
    "claude project/knowledge/Product Owner - Examples - Bug - Frontend Visual - v0.100.md",
    "claude project/knowledge/Product Owner - Examples - Bug - Mobile Crash - v0.100.md",
    "claude project/knowledge/Product Owner - Examples - Bug - Quick Bug - v0.100.md",
    "claude project/knowledge/Product Owner - Examples - Doc - Behavior Reference - v0.100.md",
    "claude project/knowledge/Product Owner - Examples - Doc - Catalog - v0.100.md",
    "claude project/knowledge/Product Owner - Examples - Doc - Guide - v0.100.md",
    "claude project/knowledge/Product Owner - Examples - Doc - Proposal - v0.100.md",
    "claude project/knowledge/Product Owner - Examples - Doc - Quick - v0.100.md",
    "claude project/knowledge/Product Owner - Examples - Doc - README - v0.100.md",
    "claude project/knowledge/Product Owner - Examples - Doc - How It Works - v0.100.md",
    "claude project/knowledge/Product Owner - Examples - Story - Complete Reference - v0.100.md",
    "claude project/knowledge/Product Owner - Examples - Story - Complex Tier - v0.200.md",
    "claude project/knowledge/Product Owner - Examples - Story - Medium Tier - v0.200.md",
    "claude project/knowledge/Product Owner - Examples - Story - Simple Tier - v0.200.md",
    "claude project/knowledge/Product Owner - Examples - Task - Quick Task - v0.100.md",
    "claude project/knowledge/Product Owner - Examples - Task - Standard Feature - v0.100.md",
    "claude project/knowledge/Product Owner - Examples - Task - Subtask - v0.100.md",
    "claude project/knowledge/Product Owner - Examples - Task - UI Refinement - v0.100.md"
  ],
  "generatedAt": "2026-07-23T11:58:11.859Z"
}
