{
  "schemaVersion": 1,
  "systemId": "media-editor",
  "generatedAt": "2026-07-18T00:00:00.000Z",
  "files": [
    {
      "path": "claude project/Custom Instructions.md",
      "sha256": "1ee57079d87bb36a94ae9601b879123b993729beba2abc626cc9506e71dc5ec0",
      "sha16": "1ee57079d87bb36a",
      "bytes": 12519
    },
    {
      "path": "claude project/knowledge/Media Editor - System - Skill - v1.2.0.md",
      "sha256": "8b915b40224a217d73f1c501bf2b497a3ad8aa69a7543a5840624cc667ad91d8",
      "sha16": "8b915b40224a217d",
      "bytes": 22573
    },
    {
      "path": "claude project/knowledge/Media Editor - Thinking - MEDIA Framework - v0.233.md",
      "sha256": "6b30effbcdfe03bed13e37fc74362f7fb49360abc78a1d0e3cfe8ca8b81a336d",
      "sha16": "6b30effbcdfe03be",
      "bytes": 14240
    },
    {
      "path": "claude project/knowledge/Media Editor - System - Interactive Intelligence - v0.220.md",
      "sha256": "94ea34d54c474f9beabd1015910ada8261e7ca8f02b6a174d59bf9a2ba220043",
      "sha16": "94ea34d54c474f9b",
      "bytes": 9628
    },
    {
      "path": "claude project/knowledge/Media Editor - Integrations - MCP Imagician - v0.211.md",
      "sha256": "17216d1a10f81522be29cd076f4f0bb967a04c8ee03daf9067d496f66eb84c76",
      "sha16": "17216d1a10f81522",
      "bytes": 7902
    },
    {
      "path": "claude project/knowledge/Media Editor - Integrations - MCP Video Audio - v0.212.md",
      "sha256": "d942636ef0073571d1f49b71bcb6fdc17781af64e9871464a7ff4af1daf40645",
      "sha16": "d942636ef0073571",
      "bytes": 8729
    },
    {
      "path": "claude project/knowledge/Media Editor - Reference - HLS Video Conversion - v0.111.md",
      "sha256": "7ef6c7b4da9fd07bf497ff8b925d90325fc50c3d6abd52621407a7d457c459e7",
      "sha16": "7ef6c7b4da9fd07b",
      "bytes": 11807
    },
    {
      "path": "claude project/knowledge/Media Editor - Rules - Human Voice - EN - v0.210.md",
      "sha256": "f8980baed64ddb1c6cec1c9ed4c1c67f7bba28290ebb08ec5d9b42058dff704d",
      "sha16": "f8980baed64ddb1c",
      "bytes": 27660
    }
  ],
  "regions": [
    {
      "target": "SYNC.md",
      "section": "INVENTORY",
      "sha256": "0bea9a80ebd177aaa7287c70dbb77a4e61cbb1ff0d8d13983c9080f8d56f8fee"
    },
    {
      "target": "claude project/README.md",
      "section": "CHECKSUMS",
      "sha256": "690488d9a1c320196b2427cf9fbed2115e3d081994c18465907d1a57f7f56605"
    }
  ],
  "deletable": [
    "claude project/knowledge/Media Editor - System - Skill - v1.2.0.md",
    "claude project/knowledge/Media Editor - Thinking - MEDIA Framework - v0.233.md",
    "claude project/knowledge/Media Editor - System - Interactive Intelligence - v0.220.md",
    "claude project/knowledge/Media Editor - Integrations - MCP Imagician - v0.211.md",
    "claude project/knowledge/Media Editor - Integrations - MCP Video Audio - v0.212.md",
    "claude project/knowledge/Media Editor - Reference - HLS Video Conversion - v0.111.md",
    "claude project/knowledge/Media Editor - Rules - Human Voice - EN - v0.210.md"
  ]
}
